
Microsoft Visual Studio Solution File, Format Version 12.00
# Visual Studio Version 17
VisualStudioVersion = 17.5.33414.496
MinimumVisualStudioVersion = 10.0.40219.1
Project("{FAE04EC0-301F-11D3-BF4B-00C04F79EFBC}") = "game_pp", "game_pp\game_pp.csproj", "{A13DB31B-EF77-4A92-AED3-727D445E773E}"
EndProject
Global
	GlobalSection(SolutionConfigurationPlatforms) = preSolution
		Debug|Any CPU = Debug|Any CPU
		Release|Any CPU = Release|Any CPU
	EndGlobalSection
	GlobalSection(ProjectConfigurationPlatforms) = postSolution
		{A13DB31B-EF77-4A92-AED3-727D445E773E}.Debug|Any CPU.ActiveCfg = Debug|Any CPU
		{A13DB31B-EF77-4A92-AED3-727D445E773E}.Debug|Any CPU.Build.0 = Debug|Any CPU
		{A13DB31B-EF77-4A92-AED3-727D445E773E}.Release|Any CPU.ActiveCfg = Release|Any CPU
		{A13DB31B-EF77-4A92-AED3-727D445E773E}.Release|Any CPU.Build.0 = Release|Any CPU
	EndGlobalSection
	GlobalSection(SolutionProperties) = preSolution
		HideSolutionNode = FALSE
	EndGlobalSection
	GlobalSection(ExtensibilityGlobals) = postSolution
		SolutionGuid = {B3603F19-5BBF-431F-893E-A2E79496202F}
	EndGlobalSection
EndGlobal
